# This file is automatically @generated by Cargo.
# It is not intended for manual editing.
version = 4

[[package]]
name = "nodes_app"
version = "0.1.0"
dependencies = [
 "nodes_core",
 "nodes_platform",
 "nodes_render",
 "nodes_ui",
]

[[package]]
name = "nodes_core"
version = "0.1.0"

[[package]]
name = "nodes_platform"
version = "0.1.0"

[[package]]
name = "nodes_render"
version = "0.1.0"
dependencies = [
 "nodes_core",
]

[[package]]
name = "nodes_ui"
version = "0.1.0"
dependencies = [
 "nodes_core",
]
